
Microsoft Visual Studio Solution File, Format Version 12.00
# Visual Studio Version 17
VisualStudioVersion = 17.12.35506.116
MinimumVisualStudioVersion = 15.0.26124.0
Project("{2150E333-8FDC-42A3-9474-1A3956D46DE8}") = "DurableTask.DependencyInjection", "DurableTask.DependencyInjection", "{F7C54D09-8F90-40A6-A7ED-DBF11FD97354}"
EndProject
Project("{9A19103F-16F7-4668-BE54-9A1E7A4F7556}") = "DurableTask.DependencyInjection", "DurableTask.DependencyInjection\src\DurableTask.DependencyInjection.csproj", "{1D82CC4A-FD8E-4ED8-8BAD-B9F4643C6E12}"
EndProject
Project("{9A19103F-16F7-4668-BE54-9A1E7A4F7556}") = "DurableTask.DependencyInjection.Tests", "DurableTask.DependencyInjection\test\DurableTask.DependencyInjection.Tests.csproj", "{E81CD176-2FDA-415A-8FA7-B4616B4D047B}"
EndProject
Project("{2150E333-8FDC-42A3-9474-1A3956D46DE8}") = "DurableTask.Hosting", "DurableTask.Hosting", "{C8249081-891E-47C4-AF67-3ED82A9AD21D}"
EndProject
Project("{9A19103F-16F7-4668-BE54-9A1E7A4F7556}") = "DurableTask.Hosting", "DurableTask.Hosting\src\DurableTask.Hosting.csproj", "{05AF8D03-18AE-432B-B542-A098684FE554}"
EndProject
Project("{9A19103F-16F7-4668-BE54-9A1E7A4F7556}") = "DurableTask.Hosting.Tests", "DurableTask.Hosting\test\DurableTask.Hosting.Tests.csproj", "{23EBDF12-1399-479F-BB2C-C2CB9F316077}"
EndProject
Project("{9A19103F-16F7-4668-BE54-9A1E7A4F7556}") = "DurableTask.Samples", "..\samples\DurableTask.Samples\DurableTask.Samples.csproj", "{1DBB74FA-AB4E-4CAB-B9A7-6D8FE071CD99}"
EndProject
Project("{2150E333-8FDC-42A3-9474-1A3956D46DE8}") = "samples", "samples", "{796C6FFF-5FB6-4918-88B7-61B6EA4D2801}"
EndProject
Project("{FAE04EC0-301F-11D3-BF4B-00C04F79EFBC}") = "SolutionItems", "SolutionItems\SolutionItems.csproj", "{ECA69E35-C13B-4309-B9E8-260A680BEBBE}"
EndProject
Project("{2150E333-8FDC-42A3-9474-1A3956D46DE8}") = "Shared", "Shared", "{27F8590A-1B83-49D9-A5B9-E7CF7E106FE6}"
EndProject
Project("{FAE04EC0-301F-11D3-BF4B-00C04F79EFBC}") = "Shared", "Shared\src\Shared.csproj", "{971A0F3F-135E-4F8A-AAE0-9D1EDE7CA6B6}"
EndProject
Project("{2150E333-8FDC-42A3-9474-1A3956D46DE8}") = "DurableTask.Extensions", "DurableTask.Extensions", "{428F76B3-2E22-43A4-ADBE-273B42492BE3}"
EndProject
Project("{FAE04EC0-301F-11D3-BF4B-00C04F79EFBC}") = "DurableTask.Extensions", "DurableTask.Extensions\src\DurableTask.Extensions.csproj", "{0BF2E951-4F1F-46DC-9518-20565E3FD11A}"
EndProject
Project("{FAE04EC0-301F-11D3-BF4B-00C04F79EFBC}") = "DurableTask.Extensions.Tests", "DurableTask.Extensions\test\DurableTask.Extensions.Tests.csproj", "{09A0BB2C-379F-4F62-AE98-955978CA5A66}"
EndProject
Project("{FAE04EC0-301F-11D3-BF4B-00C04F79EFBC}") = "DurableTask.Extensions.Samples", "..\samples\DurableTask.Extensions.Samples\DurableTask.Extensions.Samples.csproj", "{13175B27-AEBC-4535-8B0F-E2A6A7E98E96}"
EndProject
Project("{2150E333-8FDC-42A3-9474-1A3956D46DE8}") = "DurableTask.Instrumentation", "DurableTask.Instrumentation", "{2CEE0150-2FD3-4246-82DA-2EB68A95FCF3}"
EndProject
Project("{FAE04EC0-301F-11D3-BF4B-00C04F79EFBC}") = "DurableTask.Instrumentation", "DurableTask.Instrumentation\src\DurableTask.Instrumentation.csproj", "{052B06E1-0268-446A-BA1A-57B8A8AD8B22}"
EndProject
Project("{FAE04EC0-301F-11D3-BF4B-00C04F79EFBC}") = "DurableTask.Instrumentation.Tests", "DurableTask.Instrumentation\test\DurableTask.Instrumentation.Tests.csproj", "{E1AD91B6-6458-4502-9AC1-0FFE93D2FBE6}"
EndProject
Project("{FAE04EC0-301F-11D3-BF4B-00C04F79EFBC}") = "DurableTask.Instrumentation.Samples", "..\samples\DurableTask.Instrumentation.Samples\DurableTask.Instrumentation.Samples.csproj", "{A51D0C94-E0B9-4063-A8C9-7424362CDB80}"
EndProject
Project("{FAE04EC0-301F-11D3-BF4B-00C04F79EFBC}") = "DurableTask.Named.Samples", "..\samples\DurableTask.Named.Samples\DurableTask.Named.Samples.csproj", "{4CC61EE5-758E-9BA1-C895-B3055EE75096}"
EndProject
Global
	GlobalSection(SolutionConfigurationPlatforms) = preSolution
		Debug|Any CPU = Debug|Any CPU
		Debug|x64 = Debug|x64
		Debug|x86 = Debug|x86
		Release|Any CPU = Release|Any CPU
		Release|x64 = Release|x64
		Release|x86 = Release|x86
	EndGlobalSection
	GlobalSection(ProjectConfigurationPlatforms) = postSolution
		{1D82CC4A-FD8E-4ED8-8BAD-B9F4643C6E12}.Debug|Any CPU.ActiveCfg = Debug|Any CPU
		{1D82CC4A-FD8E-4ED8-8BAD-B9F4643C6E12}.Debug|Any CPU.Build.0 = Debug|Any CPU
		{1D82CC4A-FD8E-4ED8-8BAD-B9F4643C6E12}.Debug|x64.ActiveCfg = Debug|Any CPU
		{1D82CC4A-FD8E-4ED8-8BAD-B9F4643C6E12}.Debug|x64.Build.0 = Debug|Any CPU
		{1D82CC4A-FD8E-4ED8-8BAD-B9F4643C6E12}.Debug|x86.ActiveCfg = Debug|Any CPU
		{1D82CC4A-FD8E-4ED8-8BAD-B9F4643C6E12}.Debug|x86.Build.0 = Debug|Any CPU
		{1D82CC4A-FD8E-4ED8-8BAD-B9F4643C6E12}.Release|Any CPU.ActiveCfg = Release|Any CPU
		{1D82CC4A-FD8E-4ED8-8BAD-B9F4643C6E12}.Release|Any CPU.Build.0 = Release|Any CPU
		{1D82CC4A-FD8E-4ED8-8BAD-B9F4643C6E12}.Release|x64.ActiveCfg = Release|Any CPU
		{1D82CC4A-FD8E-4ED8-8BAD-B9F4643C6E12}.Release|x64.Build.0 = Release|Any CPU
		{1D82CC4A-FD8E-4ED8-8BAD-B9F4643C6E12}.Release|x86.ActiveCfg = Release|Any CPU
		{1D82CC4A-FD8E-4ED8-8BAD-B9F4643C6E12}.Release|x86.Build.0 = Release|Any CPU
		{E81CD176-2FDA-415A-8FA7-B4616B4D047B}.Debug|Any CPU.ActiveCfg = Debug|Any CPU
		{E81CD176-2FDA-415A-8FA7-B4616B4D047B}.Debug|Any CPU.Build.0 = Debug|Any CPU
		{E81CD176-2FDA-415A-8FA7-B4616B4D047B}.Debug|x64.ActiveCfg = Debug|Any CPU
		{E81CD176-2FDA-415A-8FA7-B4616B4D047B}.Debug|x64.Build.0 = Debug|Any CPU
		{E81CD176-2FDA-415A-8FA7-B4616B4D047B}.Debug|x86.ActiveCfg = Debug|Any CPU
		{E81CD176-2FDA-415A-8FA7-B4616B4D047B}.Debug|x86.Build.0 = Debug|Any CPU
		{E81CD176-2FDA-415A-8FA7-B4616B4D047B}.Release|Any CPU.ActiveCfg = Release|Any CPU
		{E81CD176-2FDA-415A-8FA7-B4616B4D047B}.Release|Any CPU.Build.0 = Release|Any CPU
		{E81CD176-2FDA-415A-8FA7-B4616B4D047B}.Release|x64.ActiveCfg = Release|Any CPU
		{E81CD176-2FDA-415A-8FA7-B4616B4D047B}.Release|x64.Build.0 = Release|Any CPU
		{E81CD176-2FDA-415A-8FA7-B4616B4D047B}.Release|x86.ActiveCfg = Release|Any CPU
		{E81CD176-2FDA-415A-8FA7-B4616B4D047B}.Release|x86.Build.0 = Release|Any CPU
		{05AF8D03-18AE-432B-B542-A098684FE554}.Debug|Any CPU.ActiveCfg = Debug|Any CPU
		{05AF8D03-18AE-432B-B542-A098684FE554}.Debug|Any CPU.Build.0 = Debug|Any CPU
		{05AF8D03-18AE-432B-B542-A098684FE554}.Debug|x64.ActiveCfg = Debug|Any CPU
		{05AF8D03-18AE-432B-B542-A098684FE554}.Debug|x64.Build.0 = Debug|Any CPU
		{05AF8D03-18AE-432B-B542-A098684FE554}.Debug|x86.ActiveCfg = Debug|Any CPU
		{05AF8D03-18AE-432B-B542-A098684FE554}.Debug|x86.Build.0 = Debug|Any CPU
		{05AF8D03-18AE-432B-B542-A098684FE554}.Release|Any CPU.ActiveCfg = Release|Any CPU
		{05AF8D03-18AE-432B-B542-A098684FE554}.Release|Any CPU.Build.0 = Release|Any CPU
		{05AF8D03-18AE-432B-B542-A098684FE554}.Release|x64.ActiveCfg = Release|Any CPU
		{05AF8D03-18AE-432B-B542-A098684FE554}.Release|x64.Build.0 = Release|Any CPU
		{05AF8D03-18AE-432B-B542-A098684FE554}.Release|x86.ActiveCfg = Release|Any CPU
		{05AF8D03-18AE-432B-B542-A098684FE554}.Release|x86.Build.0 = Release|Any CPU
		{23EBDF12-1399-479F-BB2C-C2CB9F316077}.Debug|Any CPU.ActiveCfg = Debug|Any CPU
		{23EBDF12-1399-479F-BB2C-C2CB9F316077}.Debug|Any CPU.Build.0 = Debug|Any CPU
		{23EBDF12-1399-479F-BB2C-C2CB9F316077}.Debug|x64.ActiveCfg = Debug|Any CPU
		{23EBDF12-1399-479F-BB2C-C2CB9F316077}.Debug|x64.Build.0 = Debug|Any CPU
		{23EBDF12-1399-479F-BB2C-C2CB9F316077}.Debug|x86.ActiveCfg = Debug|Any CPU
		{23EBDF12-1399-479F-BB2C-C2CB9F316077}.Debug|x86.Build.0 = Debug|Any CPU
		{23EBDF12-1399-479F-BB2C-C2CB9F316077}.Release|Any CPU.ActiveCfg = Release|Any CPU
		{23EBDF12-1399-479F-BB2C-C2CB9F316077}.Release|Any CPU.Build.0 = Release|Any CPU
		{23EBDF12-1399-479F-BB2C-C2CB9F316077}.Release|x64.ActiveCfg = Release|Any CPU
		{23EBDF12-1399-479F-BB2C-C2CB9F316077}.Release|x64.Build.0 = Release|Any CPU
		{23EBDF12-1399-479F-BB2C-C2CB9F316077}.Release|x86.ActiveCfg = Release|Any CPU
		{23EBDF12-1399-479F-BB2C-C2CB9F316077}.Release|x86.Build.0 = Release|Any CPU
		{1DBB74FA-AB4E-4CAB-B9A7-6D8FE071CD99}.Debug|Any CPU.ActiveCfg = Debug|Any CPU
		{1DBB74FA-AB4E-4CAB-B9A7-6D8FE071CD99}.Debug|Any CPU.Build.0 = Debug|Any CPU
		{1DBB74FA-AB4E-4CAB-B9A7-6D8FE071CD99}.Debug|x64.ActiveCfg = Debug|Any CPU
		{1DBB74FA-AB4E-4CAB-B9A7-6D8FE071CD99}.Debug|x64.Build.0 = Debug|Any CPU
		{1DBB74FA-AB4E-4CAB-B9A7-6D8FE071CD99}.Debug|x86.ActiveCfg = Debug|Any CPU
		{1DBB74FA-AB4E-4CAB-B9A7-6D8FE071CD99}.Debug|x86.Build.0 = Debug|Any CPU
		{1DBB74FA-AB4E-4CAB-B9A7-6D8FE071CD99}.Release|Any CPU.ActiveCfg = Release|Any CPU
		{1DBB74FA-AB4E-4CAB-B9A7-6D8FE071CD99}.Release|Any CPU.Build.0 = Release|Any CPU
		{1DBB74FA-AB4E-4CAB-B9A7-6D8FE071CD99}.Release|x64.ActiveCfg = Release|Any CPU
		{1DBB74FA-AB4E-4CAB-B9A7-6D8FE071CD99}.Release|x64.Build.0 = Release|Any CPU
		{1DBB74FA-AB4E-4CAB-B9A7-6D8FE071CD99}.Release|x86.ActiveCfg = Release|Any CPU
		{1DBB74FA-AB4E-4CAB-B9A7-6D8FE071CD99}.Release|x86.Build.0 = Release|Any CPU
		{ECA69E35-C13B-4309-B9E8-260A680BEBBE}.Debug|Any CPU.ActiveCfg = Debug|Any CPU
		{ECA69E35-C13B-4309-B9E8-260A680BEBBE}.Debug|Any CPU.Build.0 = Debug|Any CPU
		{ECA69E35-C13B-4309-B9E8-260A680BEBBE}.Debug|x64.ActiveCfg = Debug|Any CPU
		{ECA69E35-C13B-4309-B9E8-260A680BEBBE}.Debug|x64.Build.0 = Debug|Any CPU
		{ECA69E35-C13B-4309-B9E8-260A680BEBBE}.Debug|x86.ActiveCfg = Debug|Any CPU
		{ECA69E35-C13B-4309-B9E8-260A680BEBBE}.Debug|x86.Build.0 = Debug|Any CPU
		{ECA69E35-C13B-4309-B9E8-260A680BEBBE}.Release|Any CPU.ActiveCfg = Release|Any CPU
		{ECA69E35-C13B-4309-B9E8-260A680BEBBE}.Release|Any CPU.Build.0 = Release|Any CPU
		{ECA69E35-C13B-4309-B9E8-260A680BEBBE}.Release|x64.ActiveCfg = Release|Any CPU
		{ECA69E35-C13B-4309-B9E8-260A680BEBBE}.Release|x64.Build.0 = Release|Any CPU
		{ECA69E35-C13B-4309-B9E8-260A680BEBBE}.Release|x86.ActiveCfg = Release|Any CPU
		{ECA69E35-C13B-4309-B9E8-260A680BEBBE}.Release|x86.Build.0 = Release|Any CPU
		{971A0F3F-135E-4F8A-AAE0-9D1EDE7CA6B6}.Debug|Any CPU.ActiveCfg = Debug|Any CPU
		{971A0F3F-135E-4F8A-AAE0-9D1EDE7CA6B6}.Debug|Any CPU.Build.0 = Debug|Any CPU
		{971A0F3F-135E-4F8A-AAE0-9D1EDE7CA6B6}.Debug|x64.ActiveCfg = Debug|Any CPU
		{971A0F3F-135E-4F8A-AAE0-9D1EDE7CA6B6}.Debug|x64.Build.0 = Debug|Any CPU
		{971A0F3F-135E-4F8A-AAE0-9D1EDE7CA6B6}.Debug|x86.ActiveCfg = Debug|Any CPU
		{971A0F3F-135E-4F8A-AAE0-9D1EDE7CA6B6}.Debug|x86.Build.0 = Debug|Any CPU
		{971A0F3F-135E-4F8A-AAE0-9D1EDE7CA6B6}.Release|Any CPU.ActiveCfg = Release|Any CPU
		{971A0F3F-135E-4F8A-AAE0-9D1EDE7CA6B6}.Release|Any CPU.Build.0 = Release|Any CPU
		{971A0F3F-135E-4F8A-AAE0-9D1EDE7CA6B6}.Release|x64.ActiveCfg = Release|Any CPU
		{971A0F3F-135E-4F8A-AAE0-9D1EDE7CA6B6}.Release|x64.Build.0 = Release|Any CPU
		{971A0F3F-135E-4F8A-AAE0-9D1EDE7CA6B6}.Release|x86.ActiveCfg = Release|Any CPU
		{971A0F3F-135E-4F8A-AAE0-9D1EDE7CA6B6}.Release|x86.Build.0 = Release|Any CPU
		{0BF2E951-4F1F-46DC-9518-20565E3FD11A}.Debug|Any CPU.ActiveCfg = Debug|Any CPU
		{0BF2E951-4F1F-46DC-9518-20565E3FD11A}.Debug|Any CPU.Build.0 = Debug|Any CPU
		{0BF2E951-4F1F-46DC-9518-20565E3FD11A}.Debug|x64.ActiveCfg = Debug|Any CPU
		{0BF2E951-4F1F-46DC-9518-20565E3FD11A}.Debug|x64.Build.0 = Debug|Any CPU
		{0BF2E951-4F1F-46DC-9518-20565E3FD11A}.Debug|x86.ActiveCfg = Debug|Any CPU
		{0BF2E951-4F1F-46DC-9518-20565E3FD11A}.Debug|x86.Build.0 = Debug|Any CPU
		{0BF2E951-4F1F-46DC-9518-20565E3FD11A}.Release|Any CPU.ActiveCfg = Release|Any CPU
		{0BF2E951-4F1F-46DC-9518-20565E3FD11A}.Release|Any CPU.Build.0 = Release|Any CPU
		{0BF2E951-4F1F-46DC-9518-20565E3FD11A}.Release|x64.ActiveCfg = Release|Any CPU
		{0BF2E951-4F1F-46DC-9518-20565E3FD11A}.Release|x64.Build.0 = Release|Any CPU
		{0BF2E951-4F1F-46DC-9518-20565E3FD11A}.Release|x86.ActiveCfg = Release|Any CPU
		{0BF2E951-4F1F-46DC-9518-20565E3FD11A}.Release|x86.Build.0 = Release|Any CPU
		{09A0BB2C-379F-4F62-AE98-955978CA5A66}.Debug|Any CPU.ActiveCfg = Debug|Any CPU
		{09A0BB2C-379F-4F62-AE98-955978CA5A66}.Debug|Any CPU.Build.0 = Debug|Any CPU
		{09A0BB2C-379F-4F62-AE98-955978CA5A66}.Debug|x64.ActiveCfg = Debug|Any CPU
		{09A0BB2C-379F-4F62-AE98-955978CA5A66}.Debug|x64.Build.0 = Debug|Any CPU
		{09A0BB2C-379F-4F62-AE98-955978CA5A66}.Debug|x86.ActiveCfg = Debug|Any CPU
		{09A0BB2C-379F-4F62-AE98-955978CA5A66}.Debug|x86.Build.0 = Debug|Any CPU
		{09A0BB2C-379F-4F62-AE98-955978CA5A66}.Release|Any CPU.ActiveCfg = Release|Any CPU
		{09A0BB2C-379F-4F62-AE98-955978CA5A66}.Release|Any CPU.Build.0 = Release|Any CPU
		{09A0BB2C-379F-4F62-AE98-955978CA5A66}.Release|x64.ActiveCfg = Release|Any CPU
		{09A0BB2C-379F-4F62-AE98-955978CA5A66}.Release|x64.Build.0 = Release|Any CPU
		{09A0BB2C-379F-4F62-AE98-955978CA5A66}.Release|x86.ActiveCfg = Release|Any CPU
		{09A0BB2C-379F-4F62-AE98-955978CA5A66}.Release|x86.Build.0 = Release|Any CPU
		{13175B27-AEBC-4535-8B0F-E2A6A7E98E96}.Debug|Any CPU.ActiveCfg = Debug|Any CPU
		{13175B27-AEBC-4535-8B0F-E2A6A7E98E96}.Debug|Any CPU.Build.0 = Debug|Any CPU
		{13175B27-AEBC-4535-8B0F-E2A6A7E98E96}.Debug|x64.ActiveCfg = Debug|Any CPU
		{13175B27-AEBC-4535-8B0F-E2A6A7E98E96}.Debug|x64.Build.0 = Debug|Any CPU
		{13175B27-AEBC-4535-8B0F-E2A6A7E98E96}.Debug|x86.ActiveCfg = Debug|Any CPU
		{13175B27-AEBC-4535-8B0F-E2A6A7E98E96}.Debug|x86.Build.0 = Debug|Any CPU
		{13175B27-AEBC-4535-8B0F-E2A6A7E98E96}.Release|Any CPU.ActiveCfg = Release|Any CPU
		{13175B27-AEBC-4535-8B0F-E2A6A7E98E96}.Release|Any CPU.Build.0 = Release|Any CPU
		{13175B27-AEBC-4535-8B0F-E2A6A7E98E96}.Release|x64.ActiveCfg = Release|Any CPU
		{13175B27-AEBC-4535-8B0F-E2A6A7E98E96}.Release|x64.Build.0 = Release|Any CPU
		{13175B27-AEBC-4535-8B0F-E2A6A7E98E96}.Release|x86.ActiveCfg = Release|Any CPU
		{13175B27-AEBC-4535-8B0F-E2A6A7E98E96}.Release|x86.Build.0 = Release|Any CPU
		{052B06E1-0268-446A-BA1A-57B8A8AD8B22}.Debug|Any CPU.ActiveCfg = Debug|Any CPU
		{052B06E1-0268-446A-BA1A-57B8A8AD8B22}.Debug|Any CPU.Build.0 = Debug|Any CPU
		{052B06E1-0268-446A-BA1A-57B8A8AD8B22}.Debug|x64.ActiveCfg = Debug|Any CPU
		{052B06E1-0268-446A-BA1A-57B8A8AD8B22}.Debug|x64.Build.0 = Debug|Any CPU
		{052B06E1-0268-446A-BA1A-57B8A8AD8B22}.Debug|x86.ActiveCfg = Debug|Any CPU
		{052B06E1-0268-446A-BA1A-57B8A8AD8B22}.Debug|x86.Build.0 = Debug|Any CPU
		{052B06E1-0268-446A-BA1A-57B8A8AD8B22}.Release|Any CPU.ActiveCfg = Release|Any CPU
		{052B06E1-0268-446A-BA1A-57B8A8AD8B22}.Release|Any CPU.Build.0 = Release|Any CPU
		{052B06E1-0268-446A-BA1A-57B8A8AD8B22}.Release|x64.ActiveCfg = Release|Any CPU
		{052B06E1-0268-446A-BA1A-57B8A8AD8B22}.Release|x64.Build.0 = Release|Any CPU
		{052B06E1-0268-446A-BA1A-57B8A8AD8B22}.Release|x86.ActiveCfg = Release|Any CPU
		{052B06E1-0268-446A-BA1A-57B8A8AD8B22}.Release|x86.Build.0 = Release|Any CPU
		{E1AD91B6-6458-4502-9AC1-0FFE93D2FBE6}.Debug|Any CPU.ActiveCfg = Debug|Any CPU
		{E1AD91B6-6458-4502-9AC1-0FFE93D2FBE6}.Debug|Any CPU.Build.0 = Debug|Any CPU
		{E1AD91B6-6458-4502-9AC1-0FFE93D2FBE6}.Debug|x64.ActiveCfg = Debug|Any CPU
		{E1AD91B6-6458-4502-9AC1-0FFE93D2FBE6}.Debug|x64.Build.0 = Debug|Any CPU
		{E1AD91B6-6458-4502-9AC1-0FFE93D2FBE6}.Debug|x86.ActiveCfg = Debug|Any CPU
		{E1AD91B6-6458-4502-9AC1-0FFE93D2FBE6}.Debug|x86.Build.0 = Debug|Any CPU
		{E1AD91B6-6458-4502-9AC1-0FFE93D2FBE6}.Release|Any CPU.ActiveCfg = Release|Any CPU
		{E1AD91B6-6458-4502-9AC1-0FFE93D2FBE6}.Release|Any CPU.Build.0 = Release|Any CPU
		{E1AD91B6-6458-4502-9AC1-0FFE93D2FBE6}.Release|x64.ActiveCfg = Release|Any CPU
		{E1AD91B6-6458-4502-9AC1-0FFE93D2FBE6}.Release|x64.Build.0 = Release|Any CPU
		{E1AD91B6-6458-4502-9AC1-0FFE93D2FBE6}.Release|x86.ActiveCfg = Release|Any CPU
		{E1AD91B6-6458-4502-9AC1-0FFE93D2FBE6}.Release|x86.Build.0 = Release|Any CPU
		{A51D0C94-E0B9-4063-A8C9-7424362CDB80}.Debug|Any CPU.ActiveCfg = Debug|Any CPU
		{A51D0C94-E0B9-4063-A8C9-7424362CDB80}.Debug|Any CPU.Build.0 = Debug|Any CPU
		{A51D0C94-E0B9-4063-A8C9-7424362CDB80}.Debug|x64.ActiveCfg = Debug|Any CPU
		{A51D0C94-E0B9-4063-A8C9-7424362CDB80}.Debug|x64.Build.0 = Debug|Any CPU
		{A51D0C94-E0B9-4063-A8C9-7424362CDB80}.Debug|x86.ActiveCfg = Debug|Any CPU
		{A51D0C94-E0B9-4063-A8C9-7424362CDB80}.Debug|x86.Build.0 = Debug|Any CPU
		{A51D0C94-E0B9-4063-A8C9-7424362CDB80}.Release|Any CPU.ActiveCfg = Release|Any CPU
		{A51D0C94-E0B9-4063-A8C9-7424362CDB80}.Release|Any CPU.Build.0 = Release|Any CPU
		{A51D0C94-E0B9-4063-A8C9-7424362CDB80}.Release|x64.ActiveCfg = Release|Any CPU
		{A51D0C94-E0B9-4063-A8C9-7424362CDB80}.Release|x64.Build.0 = Release|Any CPU
		{A51D0C94-E0B9-4063-A8C9-7424362CDB80}.Release|x86.ActiveCfg = Release|Any CPU
		{A51D0C94-E0B9-4063-A8C9-7424362CDB80}.Release|x86.Build.0 = Release|Any CPU
		{4CC61EE5-758E-9BA1-C895-B3055EE75096}.Debug|Any CPU.ActiveCfg = Debug|Any CPU
		{4CC61EE5-758E-9BA1-C895-B3055EE75096}.Debug|Any CPU.Build.0 = Debug|Any CPU
		{4CC61EE5-758E-9BA1-C895-B3055EE75096}.Debug|x64.ActiveCfg = Debug|Any CPU
		{4CC61EE5-758E-9BA1-C895-B3055EE75096}.Debug|x64.Build.0 = Debug|Any CPU
		{4CC61EE5-758E-9BA1-C895-B3055EE75096}.Debug|x86.ActiveCfg = Debug|Any CPU
		{4CC61EE5-758E-9BA1-C895-B3055EE75096}.Debug|x86.Build.0 = Debug|Any CPU
		{4CC61EE5-758E-9BA1-C895-B3055EE75096}.Release|Any CPU.ActiveCfg = Release|Any CPU
		{4CC61EE5-758E-9BA1-C895-B3055EE75096}.Release|Any CPU.Build.0 = Release|Any CPU
		{4CC61EE5-758E-9BA1-C895-B3055EE75096}.Release|x64.ActiveCfg = Release|Any CPU
		{4CC61EE5-758E-9BA1-C895-B3055EE75096}.Release|x64.Build.0 = Release|Any CPU
		{4CC61EE5-758E-9BA1-C895-B3055EE75096}.Release|x86.ActiveCfg = Release|Any CPU
		{4CC61EE5-758E-9BA1-C895-B3055EE75096}.Release|x86.Build.0 = Release|Any CPU
	EndGlobalSection
	GlobalSection(SolutionProperties) = preSolution
		HideSolutionNode = FALSE
	EndGlobalSection
	GlobalSection(NestedProjects) = preSolution
		{1D82CC4A-FD8E-4ED8-8BAD-B9F4643C6E12} = {F7C54D09-8F90-40A6-A7ED-DBF11FD97354}
		{E81CD176-2FDA-415A-8FA7-B4616B4D047B} = {F7C54D09-8F90-40A6-A7ED-DBF11FD97354}
		{05AF8D03-18AE-432B-B542-A098684FE554} = {C8249081-891E-47C4-AF67-3ED82A9AD21D}
		{23EBDF12-1399-479F-BB2C-C2CB9F316077} = {C8249081-891E-47C4-AF67-3ED82A9AD21D}
		{1DBB74FA-AB4E-4CAB-B9A7-6D8FE071CD99} = {796C6FFF-5FB6-4918-88B7-61B6EA4D2801}
		{971A0F3F-135E-4F8A-AAE0-9D1EDE7CA6B6} = {27F8590A-1B83-49D9-A5B9-E7CF7E106FE6}
		{0BF2E951-4F1F-46DC-9518-20565E3FD11A} = {428F76B3-2E22-43A4-ADBE-273B42492BE3}
		{09A0BB2C-379F-4F62-AE98-955978CA5A66} = {428F76B3-2E22-43A4-ADBE-273B42492BE3}
		{13175B27-AEBC-4535-8B0F-E2A6A7E98E96} = {796C6FFF-5FB6-4918-88B7-61B6EA4D2801}
		{052B06E1-0268-446A-BA1A-57B8A8AD8B22} = {2CEE0150-2FD3-4246-82DA-2EB68A95FCF3}
		{E1AD91B6-6458-4502-9AC1-0FFE93D2FBE6} = {2CEE0150-2FD3-4246-82DA-2EB68A95FCF3}
		{A51D0C94-E0B9-4063-A8C9-7424362CDB80} = {796C6FFF-5FB6-4918-88B7-61B6EA4D2801}
		{4CC61EE5-758E-9BA1-C895-B3055EE75096} = {796C6FFF-5FB6-4918-88B7-61B6EA4D2801}
	EndGlobalSection
	GlobalSection(ExtensibilityGlobals) = postSolution
		SolutionGuid = {65A5E590-4609-44E1-B012-0EA997E18DB7}
	EndGlobalSection
EndGlobal
